
Microsoft Visual Studio Solution File, Format Version 12.00
# Visual Studio Version 17
VisualStudioVersion = 17.14.36930.0 d17.14
MinimumVisualStudioVersion = 10.0.40219.1
Project("{FAE04EC0-301F-11D3-BF4B-00C04F79EFBC}") = "myDAQ1", "myDAQ1\myDAQ1.csproj", "{561A8EBF-E04A-4DB8-89B7-2997BA36D1E6}"
EndProject
Global
	GlobalSection(SolutionConfigurationPlatforms) = preSolution
		Debug|Any CPU = Debug|Any CPU
		Release|Any CPU = Release|Any CPU
	EndGlobalSection
	GlobalSection(ProjectConfigurationPlatforms) = postSolution
		{561A8EBF-E04A-4DB8-89B7-2997BA36D1E6}.Debug|Any CPU.ActiveCfg = Debug|Any CPU
		{561A8EBF-E04A-4DB8-89B7-2997BA36D1E6}.Debug|Any CPU.Build.0 = Debug|Any CPU
		{561A8EBF-E04A-4DB8-89B7-2997BA36D1E6}.Release|Any CPU.ActiveCfg = Release|Any CPU
		{561A8EBF-E04A-4DB8-89B7-2997BA36D1E6}.Release|Any CPU.Build.0 = Release|Any CPU
	EndGlobalSection
	GlobalSection(SolutionProperties) = preSolution
		HideSolutionNode = FALSE
	EndGlobalSection
	GlobalSection(ExtensibilityGlobals) = postSolution
		SolutionGuid = {7B8EC502-6E55-4EE9-A0C4-5F882D7A81E6}
	EndGlobalSection
EndGlobal
